
Microsoft Visual Studio Solution File, Format Version 12.00
# Visual Studio Version 17
VisualStudioVersion = 17.4.33205.214
MinimumVisualStudioVersion = 10.0.40219.1
Project("{FAE04EC0-301F-11D3-BF4B-00C04F79EFBC}") = "ProgramozasiTetelek", "ProgramozasiTetelek.csproj", "{A5017993-6EA7-4E5A-ABA9-E5F53EE47FB0}"
EndProject
Global
	GlobalSection(SolutionConfigurationPlatforms) = preSolution
		Debug|Any CPU = Debug|Any CPU
		Release|Any CPU = Release|Any CPU
	EndGlobalSection
	GlobalSection(ProjectConfigurationPlatforms) = postSolution
		{A5017993-6EA7-4E5A-ABA9-E5F53EE47FB0}.Debug|Any CPU.ActiveCfg = Debug|Any CPU
		{A5017993-6EA7-4E5A-ABA9-E5F53EE47FB0}.Debug|Any CPU.Build.0 = Debug|Any CPU
		{A5017993-6EA7-4E5A-ABA9-E5F53EE47FB0}.Release|Any CPU.ActiveCfg = Release|Any CPU
		{A5017993-6EA7-4E5A-ABA9-E5F53EE47FB0}.Release|Any CPU.Build.0 = Release|Any CPU
	EndGlobalSection
	GlobalSection(SolutionProperties) = preSolution
		HideSolutionNode = FALSE
	EndGlobalSection
	GlobalSection(ExtensibilityGlobals) = postSolution
		SolutionGuid = {ABEC4778-439A-4ED0-9376-0F97F09614F5}
	EndGlobalSection
EndGlobal
